{
    "_readme": [
        "This file locks the dependencies of your project to a known state",
        "Read more about it at https://getcomposer.org/doc/01-basic-usage.md#composer-lock-the-lock-file",
        "This file is @generated automatically"
    ],
    "content-hash": "2b4ceef136d31ebf3b09c84ee8b392ba",
    "packages": [
        {
            "name": "malkusch/php-autoloader",
            "version": "1.14.6",
            "source": {
                "type": "git",
                "url": "https://github.com/malkusch/php-autoloader.git",
                "reference": "41658fe80132dd8691e51ff333154c4ccfba4c89"
            },
            "dist": {
                "type": "zip",
                "url": "https://api.github.com/repos/malkusch/php-autoloader/zipball/41658fe80132dd8691e51ff333154c4ccfba4c89",
                "reference": "41658fe80132dd8691e51ff333154c4ccfba4c89",
                "shasum": ""
            },
            "require": {
                "php": ">=5.4.0"
            },
            "bin": [
                "bin/autoloader-build.php"
            ],
            "type": "library",
            "notification-url": "https://packagist.org/downloads/",
            "license": [
                "GPL-3.0+"
            ],
            "authors": [
                {
                    "name": "Markus Malkusch",
                    "email": "markus@malkusch.de",
                    "homepage": "http://www.malkusch.de/"
                }
            ],
            "description": "This autoloader supports every autoloadable PHP feature up to PHP 5.4’s traits. It find’s every class, interface or traits definition in any situation. No matter what convention is used. The autoloader is index based. After building the index there will be no performance issue. The building is done dynamically. There is no explicit need of calling a build script. For the sake of comfortability there exists a script for prebuilding an index.",
            "homepage": "http://php-autoloader.malkusch.de/en/",
            "keywords": [
                "autoload",
                "autoloader"
            ],
            "time": "2015-07-09T18:40:05+00:00"
        }
    ],
    "packages-dev": [],
    "aliases": [],
    "minimum-stability": "stable",
    "stability-flags": [],
    "prefer-stable": false,
    "prefer-lowest": false,
    "platform": [],
    "platform-dev": []
}
